// !$*UTF8*$!
{
	archiveVersion = 1;
	classes = {
	};
	objectVersion = 50;
	objects = {

/* Begin PBXBuildFile section */
		21EA578626E99B0F00258CDF /* AppDelegate.m in Sources */ = {isa = PBXBuildFile; fileRef = 21EA578526E99B0F00258CDF /* AppDelegate.m */; };
		21EA578926E99B0F00258CDF /* SceneDelegate.m in Sources */ = {isa = PBXBuildFile; fileRef = 21EA578826E99B0F00258CDF /* SceneDelegate.m */; };
		21EA578C26E99B0F00258CDF /* ViewController.m in Sources */ = {isa = PBXBuildFile; fileRef = 21EA578B26E99B0F00258CDF /* ViewController.m */; };
		21EA578F26E99B0F00258CDF /* Main.storyboard in Resources */ = {isa = PBXBuildFile; fileRef = 21EA578D26E99B0F00258CDF /* Main.storyboard */; };
		21EA579126E99B1100258CDF /* Assets.xcassets in Resources */ = {isa = PBXBuildFile; fileRef = 21EA579026E99B1100258CDF /* Assets.xcassets */; };
		21EA579426E99B1100258CDF /* LaunchScreen.storyboard in Resources */ = {isa = PBXBuildFile; fileRef = 21EA579226E99B1100258CDF /* LaunchScreen.storyboard */; };
		21EA579726E99B1100258CDF /* main.m in Sources */ = {isa = PBXBuildFile; fileRef = 21EA579626E99B1100258CDF /* main.m */; };
		21EA57A126E99B1100258CDF /* GGJiePaiToolsTests.m in Sources */ = {isa = PBXBuildFile; fileRef = 21EA57A026E99B1100258CDF /* GGJiePaiToolsTests.m */; };
		21EA57AC26E99B1100258CDF /* GGJiePaiToolsUITests.m in Sources */ = {isa = PBXBuildFile; fileRef = 21EA57AB26E99B1100258CDF /* GGJiePaiToolsUITests.m */; };
		21EA57BB26E99B5100258CDF /* GGSlider.m in Sources */ = {isa = PBXBuildFile; fileRef = 21EA57B926E99B5100258CDF /* GGSlider.m */; };
		21EA57BD26E99B7A00258CDF /* thumb.png in Resources */ = {isa = PBXBuildFile; fileRef = 21EA57BC26E99B7A00258CDF /* thumb.png */; };
/* End PBXBuildFile section */

/* Begin PBXContainerItemProxy section */
		21EA579D26E99B1100258CDF /* PBXContainerItemProxy */ = {
			isa = PBXContainerItemProxy;
			containerPortal = 21EA577926E99B0F00258CDF /* Project object */;
			proxyType = 1;
			remoteGlobalIDString = 21EA578026E99B0F00258CDF;
			remoteInfo = GGJiePaiTools;
		};
		21EA57A826E99B1100258CDF /* PBXContainerItemProxy */ = {
			isa = PBXContainerItemProxy;
			containerPortal = 21EA577926E99B0F00258CDF /* Project object */;
			proxyType = 1;
			remoteGlobalIDString = 21EA578026E99B0F00258CDF;
			remoteInfo = GGJiePaiTools;
		};
/* End PBXContainerItemProxy section */

/* Begin PBXFileReference section */
		21EA578126E99B0F00258CDF /* GGJiePaiTools.app */ = {isa = PBXFileReference; explicitFileType = wrapper.application; includeInIndex = 0; path = GGJiePaiTools.app; sourceTree = BUILT_PRODUCTS_DIR; };
		21EA578426E99B0F00258CDF /* AppDelegate.h */ = {isa = PBXFileReference; lastKnownFileType = sourcecode.c.h; path = AppDelegate.h; sourceTree = "<group>"; };
		21EA578526E99B0F00258CDF /* AppDelegate.m */ = {isa = PBXFileReference; lastKnownFileType = sourcecode.c.objc; path = AppDelegate.m; sourceTree = "<group>"; };
		21EA578726E99B0F00258CDF /* SceneDelegate.h */ = {isa = PBXFileReference; lastKnownFileType = sourcecode.c.h; path = SceneDelegate.h; sourceTree = "<group>"; };
		21EA578826E99B0F00258CDF /* SceneDelegate.m */ = {isa = PBXFileReference; lastKnownFileType = sourcecode.c.objc; path = SceneDelegate.m; sourceTree = "<group>"; };
		21EA578A26E99B0F00258CDF /* ViewController.h */ = {isa = PBXFileReference; lastKnownFileType = sourcecode.c.h; path = ViewController.h; sourceTree = "<group>"; };
		21EA578B26E99B0F00258CDF /* ViewController.m */ = {isa = PBXFileReference; lastKnownFileType = sourcecode.c.objc; path = ViewController.m; sourceTree = "<group>"; };
		21EA578E26E99B0F00258CDF /* Base */ = {isa = PBXFileReference; lastKnownFileType = file.storyboard; name = Base; path = Base.lproj/Main.storyboard; sourceTree = "<group>"; };
		21EA579026E99B1100258CDF /* Assets.xcassets */ = {isa = PBXFileReference; lastKnownFileType = folder.assetcatalog; path = Assets.xcassets; sourceTree = "<group>"; };
		21EA579326E99B1100258CDF /* Base */ = {isa = PBXFileReference; lastKnownFileType = file.storyboard; name = Base; path = Base.lproj/LaunchScreen.storyboard; sourceTree = "<group>"; };
		21EA579526E99B1100258CDF /* Info.plist */ = {isa = PBXFileReference; lastKnownFileType = text.plist.xml; path = Info.plist; sourceTree = "<group>"; };
		21EA579626E99B1100258CDF /* main.m */ = {isa = PBXFileReference; lastKnownFileType = sourcecode.c.objc; path = main.m; sourceTree = "<group>"; };
		21EA579C26E99B1100258CDF /* GGJiePaiToolsTests.xctest */ = {isa = PBXFileReference; explicitFileType = wrapper.cfbundle; includeInIndex = 0; path = GGJiePaiToolsTests.xctest; sourceTree = BUILT_PRODUCTS_DIR; };
		21EA57A026E99B1100258CDF /* GGJiePaiToolsTests.m */ = {isa = PBXFileReference; lastKnownFileType = sourcecode.c.objc; path = GGJiePaiToolsTests.m; sourceTree = "<group>"; };
		21EA57A226E99B1100258CDF /* Info.plist */ = {isa = PBXFileReference; lastKnownFileType = text.plist.xml; path = Info.plist; sourceTree = "<group>"; };
		21EA57A726E99B1100258CDF /* GGJiePaiToolsUITests.xctest */ = {isa = PBXFileReference; explicitFileType = wrapper.cfbundle; includeInIndex = 0; path = GGJiePaiToolsUITests.xctest; sourceTree = BUILT_PRODUCTS_DIR; };
		21EA57AB26E99B1100258CDF /* GGJiePaiToolsUITests.m */ = {isa = PBXFileReference; lastKnownFileType = sourcecode.c.objc; path = GGJiePaiToolsUITests.m; sourceTree = "<group>"; };
		21EA57AD26E99B1100258CDF /* Info.plist */ = {isa = PBXFileReference; lastKnownFileType = text.plist.xml; path = Info.plist; sourceTree = "<group>"; };
		21EA57B926E99B5100258CDF /* GGSlider.m */ = {isa = PBXFileReference; fileEncoding = 4; lastKnownFileType = sourcecode.c.objc; path = GGSlider.m; sourceTree = "<group>"; };
		21EA57BA26E99B5100258CDF /* GGSlider.h */ = {isa = PBXFileReference; fileEncoding = 4; lastKnownFileType = sourcecode.c.h; path = GGSlider.h; sourceTree = "<group>"; };
		21EA57BC26E99B7A00258CDF /* thumb.png */ = {isa = PBXFileReference; lastKnownFileType = image.png; path = thumb.png; sourceTree = "<group>"; };
/* End PBXFileReference section */

/* Begin PBXFrameworksBuildPhase section */
		21EA577E26E99B0F00258CDF /* Frameworks */ = {
			isa = PBXFrameworksBuildPhase;
			buildActionMask = 2147483647;
			files = (
			);
			runOnlyForDeploymentPostprocessing = 0;
		};
		21EA579926E99B1100258CDF /* Frameworks */ = {
			isa = PBXFrameworksBuildPhase;
			buildActionMask = 2147483647;
			files = (
			);
			runOnlyForDeploymentPostprocessing = 0;
		};
		21EA57A426E99B1100258CDF /* Frameworks */ = {
			isa = PBXFrameworksBuildPhase;
			buildActionMask = 2147483647;
			files = (
			);
			runOnlyForDeploymentPostprocessing = 0;
		};
/* End PBXFrameworksBuildPhase section */

/* Begin PBXGroup section */
		21EA577826E99B0F00258CDF = {
			isa = PBXGroup;
			children = (
				21EA578326E99B0F00258CDF /* GGJiePaiTools */,
				21EA579F26E99B1100258CDF /* GGJiePaiToolsTests */,
				21EA57AA26E99B1100258CDF /* GGJiePaiToolsUITests */,
				21EA578226E99B0F00258CDF /* Products */,
			);
			sourceTree = "<group>";
		};
		21EA578226E99B0F00258CDF /* Products */ = {
			isa = PBXGroup;
			children = (
				21EA578126E99B0F00258CDF /* GGJiePaiTools.app */,
				21EA579C26E99B1100258CDF /* GGJiePaiToolsTests.xctest */,
				21EA57A726E99B1100258CDF /* GGJiePaiToolsUITests.xctest */,
			);
			name = Products;
			sourceTree = "<group>";
		};
		21EA578326E99B0F00258CDF /* GGJiePaiTools */ = {
			isa = PBXGroup;
			children = (
				21EA57BC26E99B7A00258CDF /* thumb.png */,
				21EA57BA26E99B5100258CDF /* GGSlider.h */,
				21EA57B926E99B5100258CDF /* GGSlider.m */,
				21EA578426E99B0F00258CDF /* AppDelegate.h */,
				21EA578526E99B0F00258CDF /* AppDelegate.m */,
				21EA578726E99B0F00258CDF /* SceneDelegate.h */,
				21EA578826E99B0F00258CDF /* SceneDelegate.m */,
				21EA578A26E99B0F00258CDF /* ViewController.h */,
				21EA578B26E99B0F00258CDF /* ViewController.m */,
				21EA578D26E99B0F00258CDF /* Main.storyboard */,
				21EA579026E99B1100258CDF /* Assets.xcassets */,
				21EA579226E99B1100258CDF /* LaunchScreen.storyboard */,
				21EA579526E99B1100258CDF /* Info.plist */,
				21EA579626E99B1100258CDF /* main.m */,
			);
			path = GGJiePaiTools;
			sourceTree = "<group>";
		};
		21EA579F26E99B1100258CDF /* GGJiePaiToolsTests */ = {
			isa = PBXGroup;
			children = (
				21EA57A026E99B1100258CDF /* GGJiePaiToolsTests.m */,
				21EA57A226E99B1100258CDF /* Info.plist */,
			);
			path = GGJiePaiToolsTests;
			sourceTree = "<group>";
		};
		21EA57AA26E99B1100258CDF /* GGJiePaiToolsUITests */ = {
			isa = PBXGroup;
			children = (
				21EA57AB26E99B1100258CDF /* GGJiePaiToolsUITests.m */,
				21EA57AD26E99B1100258CDF /* Info.plist */,
			);
			path = GGJiePaiToolsUITests;
			sourceTree = "<group>";
		};
/* End PBXGroup section */

/* Begin PBXNativeTarget section */
		21EA578026E99B0F00258CDF /* GGJiePaiTools */ = {
			isa = PBXNativeTarget;
			buildConfigurationList = 21EA57B026E99B1100258CDF /* Build configuration list for PBXNativeTarget "GGJiePaiTools" */;
			buildPhases = (
				21EA577D26E99B0F00258CDF /* Sources */,
				21EA577E26E99B0F00258CDF /* Frameworks */,
				21EA577F26E99B0F00258CDF /* Resources */,
			);
			buildRules = (
			);
			dependencies = (
			);
			name = GGJiePaiTools;
			productName = GGJiePaiTools;
			productReference = 21EA578126E99B0F00258CDF /* GGJiePaiTools.app */;
			productType = "com.apple.product-type.application";
		};
		21EA579B26E99B1100258CDF /* GGJiePaiToolsTests */ = {
			isa = PBXNativeTarget;
			buildConfigurationList = 21EA57B326E99B1100258CDF /* Build configuration list for PBXNativeTarget "GGJiePaiToolsTests" */;
			buildPhases = (
				21EA579826E99B1100258CDF /* Sources */,
				21EA579926E99B1100258CDF /* Frameworks */,
				21EA579A26E99B1100258CDF /* Resources */,
			);
			buildRules = (
			);
			dependencies = (
				21EA579E26E99B1100258CDF /* PBXTargetDependency */,
			);
			name = GGJiePaiToolsTests;
			productName = GGJiePaiToolsTests;
			productReference = 21EA579C26E99B1100258CDF /* GGJiePaiToolsTests.xctest */;
			productType = "com.apple.product-type.bundle.unit-test";
		};
		21EA57A626E99B1100258CDF /* GGJiePaiToolsUITests */ = {
			isa = PBXNativeTarget;
			buildConfigurationList = 21EA57B626E99B1100258CDF /* Build configuration list for PBXNativeTarget "GGJiePaiToolsUITests" */;
			buildPhases = (
				21EA57A326E99B1100258CDF /* Sources */,
				21EA57A426E99B1100258CDF /* Frameworks */,
				21EA57A526E99B1100258CDF /* Resources */,
			);
			buildRules = (
			);
			dependencies = (
				21EA57A926E99B1100258CDF /* PBXTargetDependency */,
			);
			name = GGJiePaiToolsUITests;
			productName = GGJiePaiToolsUITests;
			productReference = 21EA57A726E99B1100258CDF /* GGJiePaiToolsUITests.xctest */;
			productType = "com.apple.product-type.bundle.ui-testing";
		};
/* End PBXNativeTarget section */

/* Begin PBXProject section */
		21EA577926E99B0F00258CDF /* Project object */ = {
			isa = PBXProject;
			attributes = {
				LastUpgradeCheck = 1250;
				TargetAttributes = {
					21EA578026E99B0F00258CDF = {
						CreatedOnToolsVersion = 12.5.1;
					};
					21EA579B26E99B1100258CDF = {
						CreatedOnToolsVersion = 12.5.1;
						TestTargetID = 21EA578026E99B0F00258CDF;
					};
					21EA57A626E99B1100258CDF = {
						CreatedOnToolsVersion = 12.5.1;
						TestTargetID = 21EA578026E99B0F00258CDF;
					};
				};
			};
			buildConfigurationList = 21EA577C26E99B0F00258CDF /* Build configuration list for PBXProject "GGJiePaiTools" */;
			compatibilityVersion = "Xcode 9.3";
			developmentRegion = en;
			hasScannedForEncodings = 0;
			knownRegions = (
				en,
				Base,
			);
			mainGroup = 21EA577826E99B0F00258CDF;
			productRefGroup = 21EA578226E99B0F00258CDF /* Products */;
			projectDirPath = "";
			projectRoot = "";
			targets = (
				21EA578026E99B0F00258CDF /* GGJiePaiTools */,
				21EA579B26E99B1100258CDF /* GGJiePaiToolsTests */,
				21EA57A626E99B1100258CDF /* GGJiePaiToolsUITests */,
			);
		};
/* End PBXProject section */

/* Begin PBXResourcesBuildPhase section */
		21EA577F26E99B0F00258CDF /* Resources */ = {
			isa = PBXResourcesBuildPhase;
			buildActionMask = 2147483647;
			files = (
				21EA57BD26E99B7A00258CDF /* thumb.png in Resources */,
				21EA579426E99B1100258CDF /* LaunchScreen.storyboard in Resources */,
				21EA579126E99B1100258CDF /* Assets.xcassets in Resources */,
				21EA578F26E99B0F00258CDF /* Main.storyboard in Resources */,
			);
			runOnlyForDeploymentPostprocessing = 0;
		};
		21EA579A26E99B1100258CDF /* Resources */ = {
			isa = PBXResourcesBuildPhase;
			buildActionMask = 2147483647;
			files = (
			);
			runOnlyForDeploymentPostprocessing = 0;
		};
		21EA57A526E99B1100258CDF /* Resources */ = {
			isa = PBXResourcesBuildPhase;
			buildActionMask = 2147483647;
			files = (
			);
			runOnlyForDeploymentPostprocessing = 0;
		};
/* End PBXResourcesBuildPhase section */

/* Begin PBXSourcesBuildPhase section */
		21EA577D26E99B0F00258CDF /* Sources */ = {
			isa = PBXSourcesBuildPhase;
			buildActionMask = 2147483647;
			files = (
				21EA578C26E99B0F00258CDF /* ViewController.m in Sources */,
				21EA578626E99B0F00258CDF /* AppDelegate.m in Sources */,
				21EA579726E99B1100258CDF /* main.m in Sources */,
				21EA578926E99B0F00258CDF /* SceneDelegate.m in Sources */,
				21EA57BB26E99B5100258CDF /* GGSlider.m in Sources */,
			);
			runOnlyForDeploymentPostprocessing = 0;
		};
		21EA579826E99B1100258CDF /* Sources */ = {
			isa = PBXSourcesBuildPhase;
			buildActionMask = 2147483647;
			files = (
				21EA57A126E99B1100258CDF /* GGJiePaiToolsTests.m in Sources */,
			);
			runOnlyForDeploymentPostprocessing = 0;
		};
		21EA57A326E99B1100258CDF /* Sources */ = {
			isa = PBXSourcesBuildPhase;
			buildActionMask = 2147483647;
			files = (
				21EA57AC26E99B1100258CDF /* GGJiePaiToolsUITests.m in Sources */,
			);
			runOnlyForDeploymentPostprocessing = 0;
		};
/* End PBXSourcesBuildPhase section */

/* Begin PBXTargetDependency section */
		21EA579E26E99B1100258CDF /* PBXTargetDependency */ = {
			isa = PBXTargetDependency;
			target = 21EA578026E99B0F00258CDF /* GGJiePaiTools */;
			targetProxy = 21EA579D26E99B1100258CDF /* PBXContainerItemProxy */;
		};
		21EA57A926E99B1100258CDF /* PBXTargetDependency */ = {
			isa = PBXTargetDependency;
			target = 21EA578026E99B0F00258CDF /* GGJiePaiTools */;
			targetProxy = 21EA57A826E99B1100258CDF /* PBXContainerItemProxy */;
		};
/* End PBXTargetDependency section */

/* Begin PBXVariantGroup section */
		21EA578D26E99B0F00258CDF /* Main.storyboard */ = {
			isa = PBXVariantGroup;
			children = (
				21EA578E26E99B0F00258CDF /* Base */,
			);
			name = Main.storyboard;
			sourceTree = "<group>";
		};
		21EA579226E99B1100258CDF /* LaunchScreen.storyboard */ = {
			isa = PBXVariantGroup;
			children = (
				21EA579326E99B1100258CDF /* Base */,
			);
			name = LaunchScreen.storyboard;
			sourceTree = "<group>";
		};
/* End PBXVariantGroup section */

/* Begin XCBuildConfiguration section */
		21EA57AE26E99B1100258CDF /* Debug */ = {
			isa = XCBuildConfiguration;
			buildSettings = {
				ALWAYS_SEARCH_USER_PATHS = NO;
				CLANG_ANALYZER_NONNULL = YES;
				CLANG_ANALYZER_NUMBER_OBJECT_CONVERSION = YES_AGGRESSIVE;
				CLANG_CXX_LANGUAGE_STANDARD = "gnu++14";
				CLANG_CXX_LIBRARY = "libc++";
				CLANG_ENABLE_MODULES = YES;
				CLANG_ENABLE_OBJC_ARC = YES;
				CLANG_ENABLE_OBJC_WEAK = YES;
				CLANG_WARN_BLOCK_CAPTURE_AUTORELEASING = YES;
				CLANG_WARN_BOOL_CONVERSION = YES;
				CLANG_WARN_COMMA = YES;
				CLANG_WARN_CONSTANT_CONVERSION = YES;
				CLANG_WARN_DEPRECATED_OBJC_IMPLEMENTATIONS = YES;
				CLANG_WARN_DIRECT_OBJC_ISA_USAGE = YES_ERROR;
				CLANG_WARN_DOCUMENTATION_COMMENTS = YES;
				CLANG_WARN_EMPTY_BODY = YES;
				CLANG_WARN_ENUM_CONVERSION = YES;
				CLANG_WARN_INFINITE_RECURSION = YES;
				CLANG_WARN_INT_CONVERSION = YES;
				CLANG_WARN_NON_LITERAL_NULL_CONVERSION = YES;
				CLANG_WARN_OBJC_IMPLICIT_RETAIN_SELF = YES;
				CLANG_WARN_OBJC_LITERAL_CONVERSION = YES;
				CLANG_WARN_OBJC_ROOT_CLASS = YES_ERROR;
				CLANG_WARN_QUOTED_INCLUDE_IN_FRAMEWORK_HEADER = YES;
				CLANG_WARN_RANGE_LOOP_ANALYSIS = YES;
				CLANG_WARN_STRICT_PROTOTYPES = YES;
				CLANG_WARN_SUSPICIOUS_MOVE = YES;
				CLANG_WARN_UNGUARDED_AVAILABILITY = YES_AGGRESSIVE;
				CLANG_WARN_UNREACHABLE_CODE = YES;
				CLANG_WARN__DUPLICATE_METHOD_MATCH = YES;
				COPY_PHASE_STRIP = NO;
				DEBUG_INFORMATION_FORMAT = dwarf;
				ENABLE_STRICT_OBJC_MSGSEND = YES;
				ENABLE_TESTABILITY = YES;
				GCC_C_LANGUAGE_STANDARD = gnu11;
				GCC_DYNAMIC_NO_PIC = NO;
				GCC_NO_COMMON_BLOCKS = YES;
				GCC_OPTIMIZATION_LEVEL = 0;
				GCC_PREPROCESSOR_DEFINITIONS = (
					"DEBUG=1",
					"$(inherited)",
				);
				GCC_WARN_64_TO_32_BIT_CONVERSION = YES;
				GCC_WARN_ABOUT_RETURN_TYPE = YES_ERROR;
				GCC_WARN_UNDECLARED_SELECTOR = YES;
				GCC_WARN_UNINITIALIZED_AUTOS = YES_AGGRESSIVE;
				GCC_WARN_UNUSED_FUNCTION = YES;
				GCC_WARN_UNUSED_VARIABLE = YES;
				IPHONEOS_DEPLOYMENT_TARGET = 14.5;
				MTL_ENABLE_DEBUG_INFO = INCLUDE_SOURCE;
				MTL_FAST_MATH = YES;
				ONLY_ACTIVE_ARCH = YES;
				SDKROOT = iphoneos;
			};
			name = Debug;
		};
		21EA57AF26E99B1100258CDF /* Release */ = {
			isa = XCBuildConfiguration;
			buildSettings = {
				ALWAYS_SEARCH_USER_PATHS = NO;
				CLANG_ANALYZER_NONNULL = YES;
				CLANG_ANALYZER_NUMBER_OBJECT_CONVERSION = YES_AGGRESSIVE;
				CLANG_CXX_LANGUAGE_STANDARD = "gnu++14";
				CLANG_CXX_LIBRARY = "libc++";
				CLANG_ENABLE_MODULES = YES;
				CLANG_ENABLE_OBJC_ARC = YES;
				CLANG_ENABLE_OBJC_WEAK = YES;
				CLANG_WARN_BLOCK_CAPTURE_AUTORELEASING = YES;
				CLANG_WARN_BOOL_CONVERSION = YES;
				CLANG_WARN_COMMA = YES;
				CLANG_WARN_CONSTANT_CONVERSION = YES;
				CLANG_WARN_DEPRECATED_OBJC_IMPLEMENTATIONS = YES;
				CLANG_WARN_DIRECT_OBJC_ISA_USAGE = YES_ERROR;
				CLANG_WARN_DOCUMENTATION_COMMENTS = YES;
				CLANG_WARN_EMPTY_BODY = YES;
				CLANG_WARN_ENUM_CONVERSION = YES;
				CLANG_WARN_INFINITE_RECURSION = YES;
				CLANG_WARN_INT_CONVERSION = YES;
				CLANG_WARN_NON_LITERAL_NULL_CONVERSION = YES;
				CLANG_WARN_OBJC_IMPLICIT_RETAIN_SELF = YES;
				CLANG_WARN_OBJC_LITERAL_CONVERSION = YES;
				CLANG_WARN_OBJC_ROOT_CLASS = YES_ERROR;
				CLANG_WARN_QUOTED_INCLUDE_IN_FRAMEWORK_HEADER = YES;
				CLANG_WARN_RANGE_LOOP_ANALYSIS = YES;
				CLANG_WARN_STRICT_PROTOTYPES = YES;
				CLANG_WARN_SUSPICIOUS_MOVE = YES;
				CLANG_WARN_UNGUARDED_AVAILABILITY = YES_AGGRESSIVE;
				CLANG_WARN_UNREACHABLE_CODE = YES;
				CLANG_WARN__DUPLICATE_METHOD_MATCH = YES;
				COPY_PHASE_STRIP = NO;
				DEBUG_INFORMATION_FORMAT = "dwarf-with-dsym";
				ENABLE_NS_ASSERTIONS = NO;
				ENABLE_STRICT_OBJC_MSGSEND = YES;
				GCC_C_LANGUAGE_STANDARD = gnu11;
				GCC_NO_COMMON_BLOCKS = YES;
				GCC_WARN_64_TO_32_BIT_CONVERSION = YES;
				GCC_WARN_ABOUT_RETURN_TYPE = YES_ERROR;
				GCC_WARN_UNDECLARED_SELECTOR = YES;
				GCC_WARN_UNINITIALIZED_AUTOS = YES_AGGRESSIVE;
				GCC_WARN_UNUSED_FUNCTION = YES;
				GCC_WARN_UNUSED_VARIABLE = YES;
				IPHONEOS_DEPLOYMENT_TARGET = 14.5;
				MTL_ENABLE_DEBUG_INFO = NO;
				MTL_FAST_MATH = YES;
				SDKROOT = iphoneos;
				VALIDATE_PRODUCT = YES;
			};
			name = Release;
		};
		21EA57B126E99B1100258CDF /* Debug */ = {
			isa = XCBuildConfiguration;
			buildSettings = {
				ASSETCATALOG_COMPILER_APPICON_NAME = AppIcon;
				ASSETCATALOG_COMPILER_GLOBAL_ACCENT_COLOR_NAME = AccentColor;
				CODE_SIGN_STYLE = Automatic;
				INFOPLIST_FILE = GGJiePaiTools/Info.plist;
				IPHONEOS_DEPLOYMENT_TARGET = 12.1;
				LD_RUNPATH_SEARCH_PATHS = (
					"$(inherited)",
					"@executable_path/Frameworks",
				);
				PRODUCT_BUNDLE_IDENTIFIER = gg.GGJiePaiTools;
				PRODUCT_NAME = "$(TARGET_NAME)";
				TARGETED_DEVICE_FAMILY = "1,2";
			};
			name = Debug;
		};
		21EA57B226E99B1100258CDF /* Release */ = {
			isa = XCBuildConfiguration;
			buildSettings = {
				ASSETCATALOG_COMPILER_APPICON_NAME = AppIcon;
				ASSETCATALOG_COMPILER_GLOBAL_ACCENT_COLOR_NAME = AccentColor;
				CODE_SIGN_STYLE = Automatic;
				INFOPLIST_FILE = GGJiePaiTools/Info.plist;
				IPHONEOS_DEPLOYMENT_TARGET = 12.1;
				LD_RUNPATH_SEARCH_PATHS = (
					"$(inherited)",
					"@executable_path/Frameworks",
				);
				PRODUCT_BUNDLE_IDENTIFIER = gg.GGJiePaiTools;
				PRODUCT_NAME = "$(TARGET_NAME)";
				TARGETED_DEVICE_FAMILY = "1,2";
			};
			name = Release;
		};
		21EA57B426E99B1100258CDF /* Debug */ = {
			isa = XCBuildConfiguration;
			buildSettings = {
				BUNDLE_LOADER = "$(TEST_HOST)";
				CODE_SIGN_STYLE = Automatic;
				INFOPLIST_FILE = GGJiePaiToolsTests/Info.plist;
				IPHONEOS_DEPLOYMENT_TARGET = 14.5;
				LD_RUNPATH_SEARCH_PATHS = (
					"$(inherited)",
					"@executable_path/Frameworks",
					"@loader_path/Frameworks",
				);
				PRODUCT_BUNDLE_IDENTIFIER = gg.GGJiePaiToolsTests;
				PRODUCT_NAME = "$(TARGET_NAME)";
				TARGETED_DEVICE_FAMILY = "1,2";
				TEST_HOST = "$(BUILT_PRODUCTS_DIR)/GGJiePaiTools.app/GGJiePaiTools";
			};
			name = Debug;
		};
		21EA57B526E99B1100258CDF /* Release */ = {
			isa = XCBuildConfiguration;
			buildSettings = {
				BUNDLE_LOADER = "$(TEST_HOST)";
				CODE_SIGN_STYLE = Automatic;
				INFOPLIST_FILE = GGJiePaiToolsTests/Info.plist;
				IPHONEOS_DEPLOYMENT_TARGET = 14.5;
				LD_RUNPATH_SEARCH_PATHS = (
					"$(inherited)",
					"@executable_path/Frameworks",
					"@loader_path/Frameworks",
				);
				PRODUCT_BUNDLE_IDENTIFIER = gg.GGJiePaiToolsTests;
				PRODUCT_NAME = "$(TARGET_NAME)";
				TARGETED_DEVICE_FAMILY = "1,2";
				TEST_HOST = "$(BUILT_PRODUCTS_DIR)/GGJiePaiTools.app/GGJiePaiTools";
			};
			name = Release;
		};
		21EA57B726E99B1100258CDF /* Debug */ = {
			isa = XCBuildConfiguration;
			buildSettings = {
				CODE_SIGN_STYLE = Automatic;
				INFOPLIST_FILE = GGJiePaiToolsUITests/Info.plist;
				LD_RUNPATH_SEARCH_PATHS = (
					"$(inherited)",
					"@executable_path/Frameworks",
					"@loader_path/Frameworks",
				);
				PRODUCT_BUNDLE_IDENTIFIER = gg.GGJiePaiToolsUITests;
				PRODUCT_NAME = "$(TARGET_NAME)";
				TARGETED_DEVICE_FAMILY = "1,2";
				TEST_TARGET_NAME = GGJiePaiTools;
			};
			name = Debug;
		};
		21EA57B826E99B1100258CDF /* Release */ = {
			isa = XCBuildConfiguration;
			buildSettings = {
				CODE_SIGN_STYLE = Automatic;
				INFOPLIST_FILE = GGJiePaiToolsUITests/Info.plist;
				LD_RUNPATH_SEARCH_PATHS = (
					"$(inherited)",
					"@executable_path/Frameworks",
					"@loader_path/Frameworks",
				);
				PRODUCT_BUNDLE_IDENTIFIER = gg.GGJiePaiToolsUITests;
				PRODUCT_NAME = "$(TARGET_NAME)";
				TARGETED_DEVICE_FAMILY = "1,2";
				TEST_TARGET_NAME = GGJiePaiTools;
			};
			name = Release;
		};
/* End XCBuildConfiguration section */

/* Begin XCConfigurationList section */
		21EA577C26E99B0F00258CDF /* Build configuration list for PBXProject "GGJiePaiTools" */ = {
			isa = XCConfigurationList;
			buildConfigurations = (
				21EA57AE26E99B1100258CDF /* Debug */,
				21EA57AF26E99B1100258CDF /* Release */,
			);
			defaultConfigurationIsVisible = 0;
			defaultConfigurationName = Release;
		};
		21EA57B026E99B1100258CDF /* Build configuration list for PBXNativeTarget "GGJiePaiTools" */ = {
			isa = XCConfigurationList;
			buildConfigurations = (
				21EA57B126E99B1100258CDF /* Debug */,
				21EA57B226E99B1100258CDF /* Release */,
			);
			defaultConfigurationIsVisible = 0;
			defaultConfigurationName = Release;
		};
		21EA57B326E99B1100258CDF /* Build configuration list for PBXNativeTarget "GGJiePaiToolsTests" */ = {
			isa = XCConfigurationList;
			buildConfigurations = (
				21EA57B426E99B1100258CDF /* Debug */,
				21EA57B526E99B1100258CDF /* Release */,
			);
			defaultConfigurationIsVisible = 0;
			defaultConfigurationName = Release;
		};
		21EA57B626E99B1100258CDF /* Build configuration list for PBXNativeTarget "GGJiePaiToolsUITests" */ = {
			isa = XCConfigurationList;
			buildConfigurations = (
				21EA57B726E99B1100258CDF /* Debug */,
				21EA57B826E99B1100258CDF /* Release */,
			);
			defaultConfigurationIsVisible = 0;
			defaultConfigurationName = Release;
		};
/* End XCConfigurationList section */
	};
	rootObject = 21EA577926E99B0F00258CDF /* Project object */;
}
